
Microsoft Visual Studio Solution File, Format Version 11.00
# Visual C# Express 2010
Project("{FAE04EC0-301F-11D3-BF4B-00C04F79EFBC}") = "Name", "Name\Name.csproj", "{DFE347F5-2FDE-439C-8495-1D51B87268B9}"
EndProject
Project("{FAE04EC0-301F-11D3-BF4B-00C04F79EFBC}") = "Address", "Address\Address.csproj", "{D6E9DB07-E072-42AF-B730-499F0EBBA311}"
EndProject
Project("{FAE04EC0-301F-11D3-BF4B-00C04F79EFBC}") = "Tree.cs", "ConsoleApplication1\Tree.cs.csproj", "{95D5FEDD-56D3-4C9A-A89B-ECB3B381332F}"
EndProject
Project("{FAE04EC0-301F-11D3-BF4B-00C04F79EFBC}") = "Initials.cs", "ConsoleApplication2\Initials.cs.csproj", "{E863CC1A-5702-4882-A271-CC36E3ACAFEF}"
EndProject
Global
	GlobalSection(SolutionConfigurationPlatforms) = preSolution
		Debug|x86 = Debug|x86
		Release|x86 = Release|x86
	EndGlobalSection
	GlobalSection(ProjectConfigurationPlatforms) = postSolution
		{DFE347F5-2FDE-439C-8495-1D51B87268B9}.Debug|x86.ActiveCfg = Debug|x86
		{DFE347F5-2FDE-439C-8495-1D51B87268B9}.Debug|x86.Build.0 = Debug|x86
		{DFE347F5-2FDE-439C-8495-1D51B87268B9}.Release|x86.ActiveCfg = Release|x86
		{DFE347F5-2FDE-439C-8495-1D51B87268B9}.Release|x86.Build.0 = Release|x86
		{D6E9DB07-E072-42AF-B730-499F0EBBA311}.Debug|x86.ActiveCfg = Debug|x86
		{D6E9DB07-E072-42AF-B730-499F0EBBA311}.Debug|x86.Build.0 = Debug|x86
		{D6E9DB07-E072-42AF-B730-499F0EBBA311}.Release|x86.ActiveCfg = Release|x86
		{D6E9DB07-E072-42AF-B730-499F0EBBA311}.Release|x86.Build.0 = Release|x86
		{95D5FEDD-56D3-4C9A-A89B-ECB3B381332F}.Debug|x86.ActiveCfg = Debug|x86
		{95D5FEDD-56D3-4C9A-A89B-ECB3B381332F}.Debug|x86.Build.0 = Debug|x86
		{95D5FEDD-56D3-4C9A-A89B-ECB3B381332F}.Release|x86.ActiveCfg = Release|x86
		{95D5FEDD-56D3-4C9A-A89B-ECB3B381332F}.Release|x86.Build.0 = Release|x86
		{E863CC1A-5702-4882-A271-CC36E3ACAFEF}.Debug|x86.ActiveCfg = Debug|x86
		{E863CC1A-5702-4882-A271-CC36E3ACAFEF}.Debug|x86.Build.0 = Debug|x86
		{E863CC1A-5702-4882-A271-CC36E3ACAFEF}.Release|x86.ActiveCfg = Release|x86
		{E863CC1A-5702-4882-A271-CC36E3ACAFEF}.Release|x86.Build.0 = Release|x86
	EndGlobalSection
	GlobalSection(SolutionProperties) = preSolution
		HideSolutionNode = FALSE
	EndGlobalSection
EndGlobal
